
Microsoft Visual Studio Solution File, Format Version 12.00
# Visual Studio Version 16
VisualStudioVersion = 16.0.30804.86
MinimumVisualStudioVersion = 10.0.40219.1
Project("{FAE04EC0-301F-11D3-BF4B-00C04F79EFBC}") = "NullableTypeAnonymousTypeDemo", "NullableTypeAnonymousTypeDemo\NullableTypeAnonymousTypeDemo.csproj", "{FE6BC4DB-6265-4928-8EE0-BA7E4E69C9D4}"
EndProject
Global
	GlobalSection(SolutionConfigurationPlatforms) = preSolution
		Debug|Any CPU = Debug|Any CPU
		Release|Any CPU = Release|Any CPU
	EndGlobalSection
	GlobalSection(ProjectConfigurationPlatforms) = postSolution
		{FE6BC4DB-6265-4928-8EE0-BA7E4E69C9D4}.Debug|Any CPU.ActiveCfg = Debug|Any CPU
		{FE6BC4DB-6265-4928-8EE0-BA7E4E69C9D4}.Debug|Any CPU.Build.0 = Debug|Any CPU
		{FE6BC4DB-6265-4928-8EE0-BA7E4E69C9D4}.Release|Any CPU.ActiveCfg = Release|Any CPU
		{FE6BC4DB-6265-4928-8EE0-BA7E4E69C9D4}.Release|Any CPU.Build.0 = Release|Any CPU
	EndGlobalSection
	GlobalSection(SolutionProperties) = preSolution
		HideSolutionNode = FALSE
	EndGlobalSection
	GlobalSection(ExtensibilityGlobals) = postSolution
		SolutionGuid = {20F7B6AB-C808-46B4-8AC1-34DFBC4D00BC}
	EndGlobalSection
EndGlobal
