
Microsoft Visual Studio Solution File, Format Version 12.00
# Visual Studio Version 16
VisualStudioVersion = 16.0.30804.86
MinimumVisualStudioVersion = 10.0.40219.1
Project("{FAE04EC0-301F-11D3-BF4B-00C04F79EFBC}") = "AssembliesDemoApp", "AssembliesDemoApp\AssembliesDemoApp.csproj", "{C12AE69F-4EA4-4544-95AC-69980778B81C}"
EndProject
Project("{FAE04EC0-301F-11D3-BF4B-00C04F79EFBC}") = "EcommBiz", "EcommBiz\EcommBiz.csproj", "{04B17223-125C-4FFE-8D16-813A6B68EE70}"
EndProject
Global
	GlobalSection(SolutionConfigurationPlatforms) = preSolution
		Debug|Any CPU = Debug|Any CPU
		Release|Any CPU = Release|Any CPU
	EndGlobalSection
	GlobalSection(ProjectConfigurationPlatforms) = postSolution
		{C12AE69F-4EA4-4544-95AC-69980778B81C}.Debug|Any CPU.ActiveCfg = Debug|Any CPU
		{C12AE69F-4EA4-4544-95AC-69980778B81C}.Debug|Any CPU.Build.0 = Debug|Any CPU
		{C12AE69F-4EA4-4544-95AC-69980778B81C}.Release|Any CPU.ActiveCfg = Release|Any CPU
		{C12AE69F-4EA4-4544-95AC-69980778B81C}.Release|Any CPU.Build.0 = Release|Any CPU
		{04B17223-125C-4FFE-8D16-813A6B68EE70}.Debug|Any CPU.ActiveCfg = Debug|Any CPU
		{04B17223-125C-4FFE-8D16-813A6B68EE70}.Debug|Any CPU.Build.0 = Debug|Any CPU
		{04B17223-125C-4FFE-8D16-813A6B68EE70}.Release|Any CPU.ActiveCfg = Release|Any CPU
		{04B17223-125C-4FFE-8D16-813A6B68EE70}.Release|Any CPU.Build.0 = Release|Any CPU
	EndGlobalSection
	GlobalSection(SolutionProperties) = preSolution
		HideSolutionNode = FALSE
	EndGlobalSection
	GlobalSection(ExtensibilityGlobals) = postSolution
		SolutionGuid = {D2377BE9-56B2-4592-A00C-FA2201B1605E}
	EndGlobalSection
EndGlobal
