
Microsoft Visual Studio Solution File, Format Version 12.00
# Visual Studio Version 16
VisualStudioVersion = 16.0.30804.86
MinimumVisualStudioVersion = 10.0.40219.1
Project("{FAE04EC0-301F-11D3-BF4B-00C04F79EFBC}") = "IterationJumpStatementsDemo", "IterationJumpStatementsDemo\IterationJumpStatementsDemo.csproj", "{3DEC0E83-1C29-4349-A2DC-3340985BF6EA}"
EndProject
Global
	GlobalSection(SolutionConfigurationPlatforms) = preSolution
		Debug|Any CPU = Debug|Any CPU
		Release|Any CPU = Release|Any CPU
	EndGlobalSection
	GlobalSection(ProjectConfigurationPlatforms) = postSolution
		{3DEC0E83-1C29-4349-A2DC-3340985BF6EA}.Debug|Any CPU.ActiveCfg = Debug|Any CPU
		{3DEC0E83-1C29-4349-A2DC-3340985BF6EA}.Debug|Any CPU.Build.0 = Debug|Any CPU
		{3DEC0E83-1C29-4349-A2DC-3340985BF6EA}.Release|Any CPU.ActiveCfg = Release|Any CPU
		{3DEC0E83-1C29-4349-A2DC-3340985BF6EA}.Release|Any CPU.Build.0 = Release|Any CPU
	EndGlobalSection
	GlobalSection(SolutionProperties) = preSolution
		HideSolutionNode = FALSE
	EndGlobalSection
	GlobalSection(ExtensibilityGlobals) = postSolution
		SolutionGuid = {70F635C5-7978-427F-8FDF-787AA2E3E43B}
	EndGlobalSection
EndGlobal
