
Microsoft Visual Studio Solution File, Format Version 12.00
# Visual Studio Version 16
VisualStudioVersion = 16.0.30804.86
MinimumVisualStudioVersion = 10.0.40219.1
Project("{FAE04EC0-301F-11D3-BF4B-00C04F79EFBC}") = "AnonymousMethodDemoApp", "AnonymousMethodDemoApp\AnonymousMethodDemoApp.csproj", "{D7F00311-41AE-4F1B-B3B2-D0BB73A85AAC}"
EndProject
Global
	GlobalSection(SolutionConfigurationPlatforms) = preSolution
		Debug|Any CPU = Debug|Any CPU
		Release|Any CPU = Release|Any CPU
	EndGlobalSection
	GlobalSection(ProjectConfigurationPlatforms) = postSolution
		{D7F00311-41AE-4F1B-B3B2-D0BB73A85AAC}.Debug|Any CPU.ActiveCfg = Debug|Any CPU
		{D7F00311-41AE-4F1B-B3B2-D0BB73A85AAC}.Debug|Any CPU.Build.0 = Debug|Any CPU
		{D7F00311-41AE-4F1B-B3B2-D0BB73A85AAC}.Release|Any CPU.ActiveCfg = Release|Any CPU
		{D7F00311-41AE-4F1B-B3B2-D0BB73A85AAC}.Release|Any CPU.Build.0 = Release|Any CPU
	EndGlobalSection
	GlobalSection(SolutionProperties) = preSolution
		HideSolutionNode = FALSE
	EndGlobalSection
	GlobalSection(ExtensibilityGlobals) = postSolution
		SolutionGuid = {39BF80C4-AC9E-4B10-A8E1-EE6CA5C086BD}
	EndGlobalSection
EndGlobal
