
Microsoft Visual Studio Solution File, Format Version 12.00
# Visual Studio Version 16
VisualStudioVersion = 16.0.30804.86
MinimumVisualStudioVersion = 10.0.40219.1
Project("{FAE04EC0-301F-11D3-BF4B-00C04F79EFBC}") = "OOPExample", "OOPExample\OOPExample.csproj", "{2FEC66E4-DB43-4F2A-BC93-449A54E13A3B}"
EndProject
Global
	GlobalSection(SolutionConfigurationPlatforms) = preSolution
		Debug|Any CPU = Debug|Any CPU
		Release|Any CPU = Release|Any CPU
	EndGlobalSection
	GlobalSection(ProjectConfigurationPlatforms) = postSolution
		{2FEC66E4-DB43-4F2A-BC93-449A54E13A3B}.Debug|Any CPU.ActiveCfg = Debug|Any CPU
		{2FEC66E4-DB43-4F2A-BC93-449A54E13A3B}.Debug|Any CPU.Build.0 = Debug|Any CPU
		{2FEC66E4-DB43-4F2A-BC93-449A54E13A3B}.Release|Any CPU.ActiveCfg = Release|Any CPU
		{2FEC66E4-DB43-4F2A-BC93-449A54E13A3B}.Release|Any CPU.Build.0 = Release|Any CPU
	EndGlobalSection
	GlobalSection(SolutionProperties) = preSolution
		HideSolutionNode = FALSE
	EndGlobalSection
	GlobalSection(ExtensibilityGlobals) = postSolution
		SolutionGuid = {0E749A39-670B-41F3-A617-27960F830E43}
	EndGlobalSection
EndGlobal
