
Microsoft Visual Studio Solution File, Format Version 12.00
# Visual Studio Version 16
VisualStudioVersion = 16.0.30804.86
MinimumVisualStudioVersion = 10.0.40219.1
Project("{FAE04EC0-301F-11D3-BF4B-00C04F79EFBC}") = "UsingParams", "UsingParams\UsingParams.csproj", "{4379A84B-1BCA-46A6-9E94-919F84C5BE37}"
EndProject
Global
	GlobalSection(SolutionConfigurationPlatforms) = preSolution
		Debug|Any CPU = Debug|Any CPU
		Release|Any CPU = Release|Any CPU
	EndGlobalSection
	GlobalSection(ProjectConfigurationPlatforms) = postSolution
		{4379A84B-1BCA-46A6-9E94-919F84C5BE37}.Debug|Any CPU.ActiveCfg = Debug|Any CPU
		{4379A84B-1BCA-46A6-9E94-919F84C5BE37}.Debug|Any CPU.Build.0 = Debug|Any CPU
		{4379A84B-1BCA-46A6-9E94-919F84C5BE37}.Release|Any CPU.ActiveCfg = Release|Any CPU
		{4379A84B-1BCA-46A6-9E94-919F84C5BE37}.Release|Any CPU.Build.0 = Release|Any CPU
	EndGlobalSection
	GlobalSection(SolutionProperties) = preSolution
		HideSolutionNode = FALSE
	EndGlobalSection
	GlobalSection(ExtensibilityGlobals) = postSolution
		SolutionGuid = {84204ABA-2E2F-461F-9706-93692AC1F71C}
	EndGlobalSection
EndGlobal
